// !$*UTF8*$!
{
	archiveVersion = 1;
	classes = {
	};
	objectVersion = 48;
	objects = {

/* Begin PBXBuildFile section */
		7D2662DC207C0C9300371510 /* Application.cpp in Sources */ = {isa = PBXBuildFile; fileRef = 7D2662DB207C0C9300371510 /* Application.cpp */; };
		7D2662E0207C0F8A00371510 /* LoadingState.cpp in Sources */ = {isa = PBXBuildFile; fileRef = 7D2662DD207C0F8A00371510 /* LoadingState.cpp */; };
		7D2662E1207C0F8A00371510 /* ParallelTask.cpp in Sources */ = {isa = PBXBuildFile; fileRef = 7D2662DE207C0F8A00371510 /* ParallelTask.cpp */; };
		7D2662E2207C0F8A00371510 /* PauseState.cpp in Sources */ = {isa = PBXBuildFile; fileRef = 7D2662DF207C0F8A00371510 /* PauseState.cpp */; };
		7D2CCE91208304020030FDA8 /* ExplosionNode.cpp in Sources */ = {isa = PBXBuildFile; fileRef = 7D2CCE90208304020030FDA8 /* ExplosionNode.cpp */; };
		7D3F6A6E207C44EC009DE5A3 /* ResourcePath.mm in Sources */ = {isa = PBXBuildFile; fileRef = 7D3F6A6C207C44EC009DE5A3 /* ResourcePath.mm */; };
		7D3F6A7B207C70B7009DE5A3 /* SettingsState.cpp in Sources */ = {isa = PBXBuildFile; fileRef = 7D3F6A7A207C70B6009DE5A3 /* SettingsState.cpp */; };
		7D472038207E9B7600E14162 /* Media in Resources */ = {isa = PBXBuildFile; fileRef = 7D472037207E9B7600E14162 /* Media */; };
		7D47203E207EB23F00E14162 /* TextNode.cpp in Sources */ = {isa = PBXBuildFile; fileRef = 7D47203D207EB23E00E14162 /* TextNode.cpp */; };
		7D472040207EB4D800E14162 /* DataTables.cpp in Sources */ = {isa = PBXBuildFile; fileRef = 7D47203F207EB4D700E14162 /* DataTables.cpp */; };
		7D472042207ECCC700E14162 /* Projectile.cpp in Sources */ = {isa = PBXBuildFile; fileRef = 7D472041207ECCC700E14162 /* Projectile.cpp */; };
		7D687EC5203E3B6900E8D8A4 /* Entity.cpp in Sources */ = {isa = PBXBuildFile; fileRef = 7D687EC4203E3B6900E8D8A4 /* Entity.cpp */; };
		7D7FD48C202CE15800D63E75 /* main.cpp in Sources */ = {isa = PBXBuildFile; fileRef = 7D7FD488202CE15800D63E75 /* main.cpp */; };
		7D910041206304E7006025D8 /* World.cpp in Sources */ = {isa = PBXBuildFile; fileRef = 7D910040206304E7006025D8 /* World.cpp */; };
		7D910045206311D7006025D8 /* Command.cpp in Sources */ = {isa = PBXBuildFile; fileRef = 7D910044206311D7006025D8 /* Command.cpp */; };
		7D910049206314EA006025D8 /* CommandQueue.cpp in Sources */ = {isa = PBXBuildFile; fileRef = 7D910048206314EA006025D8 /* CommandQueue.cpp */; };
		7D91004C206363C8006025D8 /* Player.cpp in Sources */ = {isa = PBXBuildFile; fileRef = 7D91004B206363C8006025D8 /* Player.cpp */; };
		7DAAC8032081E9D000FC2E46 /* EmitterNode.cpp in Sources */ = {isa = PBXBuildFile; fileRef = 7DAAC7FF2081E9CF00FC2E46 /* EmitterNode.cpp */; };
		7DAAC8042081E9D000FC2E46 /* GameOverState.cpp in Sources */ = {isa = PBXBuildFile; fileRef = 7DAAC8002081E9CF00FC2E46 /* GameOverState.cpp */; };
		7DAAC8052081E9D000FC2E46 /* ParticleNode.cpp in Sources */ = {isa = PBXBuildFile; fileRef = 7DAAC8012081E9D000FC2E46 /* ParticleNode.cpp */; };
		7DAAC8062081E9D000FC2E46 /* Pickup.cpp in Sources */ = {isa = PBXBuildFile; fileRef = 7DAAC8022081E9D000FC2E46 /* Pickup.cpp */; };
		7DC48D622050AC19008EC9D7 /* SceneNode.cpp in Sources */ = {isa = PBXBuildFile; fileRef = 7DC48D612050AC19008EC9D7 /* SceneNode.cpp */; };
		7DC48D652050B76F008EC9D7 /* Aircraft.cpp in Sources */ = {isa = PBXBuildFile; fileRef = 7DC48D642050B76F008EC9D7 /* Aircraft.cpp */; };
		7DC48D682050BAA0008EC9D7 /* SpriteNode.cpp in Sources */ = {isa = PBXBuildFile; fileRef = 7DC48D672050BAA0008EC9D7 /* SpriteNode.cpp */; };
		7DD03AE5207F011700C41017 /* Include in Resources */ = {isa = PBXBuildFile; fileRef = 7DD03AE4207F011700C41017 /* Include */; };
		7DFB2D80207C258A00879D41 /* Component.cpp in Sources */ = {isa = PBXBuildFile; fileRef = 7DFB2D7D207C258900879D41 /* Component.cpp */; };
		7DFB2D81207C258A00879D41 /* Container.cpp in Sources */ = {isa = PBXBuildFile; fileRef = 7DFB2D7E207C258900879D41 /* Container.cpp */; };
		7DFB2D82207C258A00879D41 /* Label.cpp in Sources */ = {isa = PBXBuildFile; fileRef = 7DFB2D7F207C258A00879D41 /* Label.cpp */; };
		7DFB2D84207C264100879D41 /* Button.cpp in Sources */ = {isa = PBXBuildFile; fileRef = 7DFB2D83207C264000879D41 /* Button.cpp */; };
		7DFFA070206C42B700FE5FF7 /* State.cpp in Sources */ = {isa = PBXBuildFile; fileRef = 7DFFA06F206C42B700FE5FF7 /* State.cpp */; };
		7DFFA073206C44DE00FE5FF7 /* StateStack.cpp in Sources */ = {isa = PBXBuildFile; fileRef = 7DFFA072206C44DE00FE5FF7 /* StateStack.cpp */; };
		7DFFA076206C469E00FE5FF7 /* TitleState.cpp in Sources */ = {isa = PBXBuildFile; fileRef = 7DFFA075206C469E00FE5FF7 /* TitleState.cpp */; };
		7DFFA07B206C52AC00FE5FF7 /* MenuState.cpp in Sources */ = {isa = PBXBuildFile; fileRef = 7DFFA07A206C52AB00FE5FF7 /* MenuState.cpp */; };
		7DFFA07D206C537200FE5FF7 /* Utility.cpp in Sources */ = {isa = PBXBuildFile; fileRef = 7DFFA07C206C537200FE5FF7 /* Utility.cpp */; };
		7DFFA07F206C562800FE5FF7 /* GameState.cpp in Sources */ = {isa = PBXBuildFile; fileRef = 7DFFA07E206C562700FE5FF7 /* GameState.cpp */; };
/* End PBXBuildFile section */

/* Begin PBXFileReference section */
		7D2662DB207C0C9300371510 /* Application.cpp */ = {isa = PBXFileReference; lastKnownFileType = sourcecode.cpp.cpp; path = Application.cpp; sourceTree = "<group>"; };
		7D2662DD207C0F8A00371510 /* LoadingState.cpp */ = {isa = PBXFileReference; fileEncoding = 4; lastKnownFileType = sourcecode.cpp.cpp; path = LoadingState.cpp; sourceTree = "<group>"; };
		7D2662DE207C0F8A00371510 /* ParallelTask.cpp */ = {isa = PBXFileReference; fileEncoding = 4; lastKnownFileType = sourcecode.cpp.cpp; path = ParallelTask.cpp; sourceTree = "<group>"; };
		7D2662DF207C0F8A00371510 /* PauseState.cpp */ = {isa = PBXFileReference; fileEncoding = 4; lastKnownFileType = sourcecode.cpp.cpp; path = PauseState.cpp; sourceTree = "<group>"; };
		7D2CCE90208304020030FDA8 /* ExplosionNode.cpp */ = {isa = PBXFileReference; lastKnownFileType = sourcecode.cpp.cpp; path = ExplosionNode.cpp; sourceTree = "<group>"; };
		7D3F6A6A207C44EC009DE5A3 /* ResourcePath.hpp */ = {isa = PBXFileReference; fileEncoding = 4; lastKnownFileType = sourcecode.cpp.h; path = ResourcePath.hpp; sourceTree = "<group>"; };
		7D3F6A6B207C44EC009DE5A3 /* FinalAS_SpacesShoot_Jamie-Info.plist */ = {isa = PBXFileReference; fileEncoding = 4; lastKnownFileType = text.plist.xml; path = "FinalAS_SpacesShoot_Jamie-Info.plist"; sourceTree = "<group>"; };
		7D3F6A6C207C44EC009DE5A3 /* ResourcePath.mm */ = {isa = PBXFileReference; fileEncoding = 4; lastKnownFileType = sourcecode.cpp.objcpp; path = ResourcePath.mm; sourceTree = "<group>"; };
		7D3F6A7A207C70B6009DE5A3 /* SettingsState.cpp */ = {isa = PBXFileReference; fileEncoding = 4; lastKnownFileType = sourcecode.cpp.cpp; path = SettingsState.cpp; sourceTree = "<group>"; };
		7D472037207E9B7600E14162 /* Media */ = {isa = PBXFileReference; lastKnownFileType = folder; path = Media; sourceTree = SOURCE_ROOT; };
		7D47203D207EB23E00E14162 /* TextNode.cpp */ = {isa = PBXFileReference; fileEncoding = 4; lastKnownFileType = sourcecode.cpp.cpp; path = TextNode.cpp; sourceTree = "<group>"; };
		7D47203F207EB4D700E14162 /* DataTables.cpp */ = {isa = PBXFileReference; fileEncoding = 4; lastKnownFileType = sourcecode.cpp.cpp; path = DataTables.cpp; sourceTree = "<group>"; };
		7D472041207ECCC700E14162 /* Projectile.cpp */ = {isa = PBXFileReference; fileEncoding = 4; lastKnownFileType = sourcecode.cpp.cpp; path = Projectile.cpp; sourceTree = "<group>"; };
		7D687EC4203E3B6900E8D8A4 /* Entity.cpp */ = {isa = PBXFileReference; lastKnownFileType = sourcecode.cpp.cpp; path = Entity.cpp; sourceTree = "<group>"; };
		7D7FD46D202CE0DA00D63E75 /* FinalAS_SpacesShoot_Jamie.app */ = {isa = PBXFileReference; explicitFileType = wrapper.application; includeInIndex = 0; path = FinalAS_SpacesShoot_Jamie.app; sourceTree = BUILT_PRODUCTS_DIR; };
		7D7FD488202CE15800D63E75 /* main.cpp */ = {isa = PBXFileReference; fileEncoding = 4; lastKnownFileType = sourcecode.cpp.cpp; path = main.cpp; sourceTree = SOURCE_ROOT; };
		7D910040206304E7006025D8 /* World.cpp */ = {isa = PBXFileReference; fileEncoding = 4; lastKnownFileType = sourcecode.cpp.cpp; path = World.cpp; sourceTree = "<group>"; };
		7D910044206311D7006025D8 /* Command.cpp */ = {isa = PBXFileReference; lastKnownFileType = sourcecode.cpp.cpp; path = Command.cpp; sourceTree = "<group>"; };
		7D910048206314EA006025D8 /* CommandQueue.cpp */ = {isa = PBXFileReference; lastKnownFileType = sourcecode.cpp.cpp; path = CommandQueue.cpp; sourceTree = "<group>"; };
		7D91004B206363C8006025D8 /* Player.cpp */ = {isa = PBXFileReference; lastKnownFileType = sourcecode.cpp.cpp; path = Player.cpp; sourceTree = "<group>"; };
		7DAAC7FF2081E9CF00FC2E46 /* EmitterNode.cpp */ = {isa = PBXFileReference; fileEncoding = 4; lastKnownFileType = sourcecode.cpp.cpp; path = EmitterNode.cpp; sourceTree = "<group>"; };
		7DAAC8002081E9CF00FC2E46 /* GameOverState.cpp */ = {isa = PBXFileReference; fileEncoding = 4; lastKnownFileType = sourcecode.cpp.cpp; path = GameOverState.cpp; sourceTree = "<group>"; };
		7DAAC8012081E9D000FC2E46 /* ParticleNode.cpp */ = {isa = PBXFileReference; fileEncoding = 4; lastKnownFileType = sourcecode.cpp.cpp; path = ParticleNode.cpp; sourceTree = "<group>"; };
		7DAAC8022081E9D000FC2E46 /* Pickup.cpp */ = {isa = PBXFileReference; fileEncoding = 4; lastKnownFileType = sourcecode.cpp.cpp; path = Pickup.cpp; sourceTree = "<group>"; };
		7DC48D612050AC19008EC9D7 /* SceneNode.cpp */ = {isa = PBXFileReference; lastKnownFileType = sourcecode.cpp.cpp; path = SceneNode.cpp; sourceTree = "<group>"; };
		7DC48D642050B76F008EC9D7 /* Aircraft.cpp */ = {isa = PBXFileReference; lastKnownFileType = sourcecode.cpp.cpp; path = Aircraft.cpp; sourceTree = "<group>"; };
		7DC48D672050BAA0008EC9D7 /* SpriteNode.cpp */ = {isa = PBXFileReference; lastKnownFileType = sourcecode.cpp.cpp; path = SpriteNode.cpp; sourceTree = "<group>"; };
		7DD03AE4207F011700C41017 /* Include */ = {isa = PBXFileReference; lastKnownFileType = folder; path = Include; sourceTree = "<group>"; };
		7DFB2D7D207C258900879D41 /* Component.cpp */ = {isa = PBXFileReference; fileEncoding = 4; lastKnownFileType = sourcecode.cpp.cpp; path = Component.cpp; sourceTree = "<group>"; };
		7DFB2D7E207C258900879D41 /* Container.cpp */ = {isa = PBXFileReference; fileEncoding = 4; lastKnownFileType = sourcecode.cpp.cpp; path = Container.cpp; sourceTree = "<group>"; };
		7DFB2D7F207C258A00879D41 /* Label.cpp */ = {isa = PBXFileReference; fileEncoding = 4; lastKnownFileType = sourcecode.cpp.cpp; path = Label.cpp; sourceTree = "<group>"; };
		7DFB2D83207C264000879D41 /* Button.cpp */ = {isa = PBXFileReference; fileEncoding = 4; lastKnownFileType = sourcecode.cpp.cpp; path = Button.cpp; sourceTree = "<group>"; };
		7DFFA06F206C42B700FE5FF7 /* State.cpp */ = {isa = PBXFileReference; lastKnownFileType = sourcecode.cpp.cpp; path = State.cpp; sourceTree = "<group>"; };
		7DFFA072206C44DE00FE5FF7 /* StateStack.cpp */ = {isa = PBXFileReference; lastKnownFileType = sourcecode.cpp.cpp; path = StateStack.cpp; sourceTree = "<group>"; };
		7DFFA075206C469E00FE5FF7 /* TitleState.cpp */ = {isa = PBXFileReference; lastKnownFileType = sourcecode.cpp.cpp; path = TitleState.cpp; sourceTree = "<group>"; };
		7DFFA07A206C52AB00FE5FF7 /* MenuState.cpp */ = {isa = PBXFileReference; lastKnownFileType = sourcecode.cpp.cpp; path = MenuState.cpp; sourceTree = "<group>"; };
		7DFFA07C206C537200FE5FF7 /* Utility.cpp */ = {isa = PBXFileReference; lastKnownFileType = sourcecode.cpp.cpp; path = Utility.cpp; sourceTree = "<group>"; };
		7DFFA07E206C562700FE5FF7 /* GameState.cpp */ = {isa = PBXFileReference; fileEncoding = 4; lastKnownFileType = sourcecode.cpp.cpp; path = GameState.cpp; sourceTree = "<group>"; };
/* End PBXFileReference section */

/* Begin PBXFrameworksBuildPhase section */
		7D7FD469202CE0DA00D63E75 /* Frameworks */ = {
			isa = PBXFrameworksBuildPhase;
			buildActionMask = 2147483647;
			files = (
			);
			runOnlyForDeploymentPostprocessing = 0;
		};
/* End PBXFrameworksBuildPhase section */

/* Begin PBXGroup section */
		7D3F6A69207C44EB009DE5A3 /* FinalAS */ = {
			isa = PBXGroup;
			children = (
				7D472037207E9B7600E14162 /* Media */,
				7D3F6A6A207C44EC009DE5A3 /* ResourcePath.hpp */,
				7D3F6A6B207C44EC009DE5A3 /* FinalAS_SpacesShoot_Jamie-Info.plist */,
				7D3F6A6C207C44EC009DE5A3 /* ResourcePath.mm */,
			);
			path = FinalAS;
			sourceTree = "<group>";
		};
		7D7FD463202CE0DA00D63E75 = {
			isa = PBXGroup;
			children = (
				7DD03AE4207F011700C41017 /* Include */,
				7D2CCE90208304020030FDA8 /* ExplosionNode.cpp */,
				7DC48D642050B76F008EC9D7 /* Aircraft.cpp */,
				7D2662DB207C0C9300371510 /* Application.cpp */,
				7DFB2D83207C264000879D41 /* Button.cpp */,
				7D910044206311D7006025D8 /* Command.cpp */,
				7D910048206314EA006025D8 /* CommandQueue.cpp */,
				7DFB2D7D207C258900879D41 /* Component.cpp */,
				7DFB2D7E207C258900879D41 /* Container.cpp */,
				7D47203F207EB4D700E14162 /* DataTables.cpp */,
				7DAAC7FF2081E9CF00FC2E46 /* EmitterNode.cpp */,
				7D687EC4203E3B6900E8D8A4 /* Entity.cpp */,
				7DAAC8002081E9CF00FC2E46 /* GameOverState.cpp */,
				7DFFA07E206C562700FE5FF7 /* GameState.cpp */,
				7DFB2D7F207C258A00879D41 /* Label.cpp */,
				7D2662DD207C0F8A00371510 /* LoadingState.cpp */,
				7D7FD488202CE15800D63E75 /* main.cpp */,
				7DFFA07A206C52AB00FE5FF7 /* MenuState.cpp */,
				7D2662DE207C0F8A00371510 /* ParallelTask.cpp */,
				7DAAC8012081E9D000FC2E46 /* ParticleNode.cpp */,
				7D2662DF207C0F8A00371510 /* PauseState.cpp */,
				7DAAC8022081E9D000FC2E46 /* Pickup.cpp */,
				7D91004B206363C8006025D8 /* Player.cpp */,
				7D472041207ECCC700E14162 /* Projectile.cpp */,
				7DC48D612050AC19008EC9D7 /* SceneNode.cpp */,
				7D3F6A7A207C70B6009DE5A3 /* SettingsState.cpp */,
				7DC48D672050BAA0008EC9D7 /* SpriteNode.cpp */,
				7DFFA06F206C42B700FE5FF7 /* State.cpp */,
				7DFFA072206C44DE00FE5FF7 /* StateStack.cpp */,
				7D47203D207EB23E00E14162 /* TextNode.cpp */,
				7DFFA075206C469E00FE5FF7 /* TitleState.cpp */,
				7DFFA07C206C537200FE5FF7 /* Utility.cpp */,
				7D910040206304E7006025D8 /* World.cpp */,
				7D3F6A69207C44EB009DE5A3 /* FinalAS */,
				7D7FD46E202CE0DA00D63E75 /* Products */,
			);
			sourceTree = "<group>";
		};
		7D7FD46E202CE0DA00D63E75 /* Products */ = {
			isa = PBXGroup;
			children = (
				7D7FD46D202CE0DA00D63E75 /* FinalAS_SpacesShoot_Jamie.app */,
			);
			name = Products;
			sourceTree = "<group>";
		};
/* End PBXGroup section */

/* Begin PBXNativeTarget section */
		7D7FD46C202CE0DA00D63E75 /* FinalAS_SpacesShoot_Jamie */ = {
			isa = PBXNativeTarget;
			buildConfigurationList = 7D7FD482202CE0DA00D63E75 /* Build configuration list for PBXNativeTarget "FinalAS_SpacesShoot_Jamie" */;
			buildPhases = (
				7D7FD468202CE0DA00D63E75 /* Sources */,
				7D7FD469202CE0DA00D63E75 /* Frameworks */,
				7D7FD46A202CE0DA00D63E75 /* Resources */,
				7D7FD46B202CE0DA00D63E75 /* ShellScript */,
			);
			buildRules = (
			);
			dependencies = (
			);
			name = FinalAS_SpacesShoot_Jamie;
			productName = w2;
			productReference = 7D7FD46D202CE0DA00D63E75 /* FinalAS_SpacesShoot_Jamie.app */;
			productType = "com.apple.product-type.application";
		};
/* End PBXNativeTarget section */

/* Begin PBXProject section */
		7D7FD464202CE0DA00D63E75 /* Project object */ = {
			isa = PBXProject;
			attributes = {
				LastUpgradeCheck = 0920;
				ORGANIZATIONNAME = Jamie;
				TargetAttributes = {
					7D7FD46C202CE0DA00D63E75 = {
						CreatedOnToolsVersion = 9.2;
						ProvisioningStyle = Automatic;
					};
				};
			};
			buildConfigurationList = 7D7FD467202CE0DA00D63E75 /* Build configuration list for PBXProject "FinalAS_SpacesShoot_Jamie" */;
			compatibilityVersion = "Xcode 8.0";
			developmentRegion = en;
			hasScannedForEncodings = 0;
			knownRegions = (
				en,
			);
			mainGroup = 7D7FD463202CE0DA00D63E75;
			productRefGroup = 7D7FD46E202CE0DA00D63E75 /* Products */;
			projectDirPath = "";
			projectRoot = "";
			targets = (
				7D7FD46C202CE0DA00D63E75 /* FinalAS_SpacesShoot_Jamie */,
			);
		};
/* End PBXProject section */

/* Begin PBXResourcesBuildPhase section */
		7D7FD46A202CE0DA00D63E75 /* Resources */ = {
			isa = PBXResourcesBuildPhase;
			buildActionMask = 2147483647;
			files = (
				7D472038207E9B7600E14162 /* Media in Resources */,
				7DD03AE5207F011700C41017 /* Include in Resources */,
			);
			runOnlyForDeploymentPostprocessing = 0;
		};
/* End PBXResourcesBuildPhase section */

/* Begin PBXShellScriptBuildPhase section */
		7D7FD46B202CE0DA00D63E75 /* ShellScript */ = {
			isa = PBXShellScriptBuildPhase;
			buildActionMask = 2147483647;
			files = (
			);
			inputPaths = (
			);
			outputPaths = (
			);
			runOnlyForDeploymentPostprocessing = 0;
			shellPath = /bin/sh;
			shellScript = "# This shell script simply copies required SFML dylibs/frameworks into the application bundle frameworks folder.\n# If you're using static libraries (which is not recommended) you should remove this script from your project.\n\n# SETTINGS\nCMAKE_INSTALL_FRAMEWORK_PREFIX=\"/Library/Frameworks\"\nCMAKE_INSTALL_LIB_PREFIX=\"/usr/local/lib\"\nFRAMEWORKS_FULL_PATH=\"$BUILT_PRODUCTS_DIR/$FRAMEWORKS_FOLDER_PATH/\"\n\n# Are we building a project that uses frameworks or dylibs?\ncase \"$SFML_BINARY_TYPE\" in\n    DYLIBS)\n        frameworks=\"false\"\n        ;;\n    *)\n        frameworks=\"true\"\n        ;;\nesac\n\n# Echoes to stderr\nerror () # $* message to display\n{\n    echo $* 1>&2\n    exit 2\n}\n\nassert () # $1 is a boolean, $2...N is an error message\n{\n    if [ $# -lt 2 ]\n    then\n        error \"Internal error in assert: not enough args\"\n    fi\n\n    if [ $1 -ne 0 ]\n    then\n        shift\n        error \"$*\"\n    fi\n}\n\nforce_remove () # $@ is some paths\n{\n    test $# -ge 1\n    assert $? \"force_remove() requires at least one parameter\"\n    rm -fr $@\n    assert $? \"couldn't remove $@\"\n}\n\ncopy () # $1 is a source, $2 is a destination\n{\n    test $# -eq 2\n    assert $? \"copy() requires two parameters\"\n    ditto \"$1\" \"$2\"\n    assert $? \"couldn't copy $1 to $2\"\n}\n\nrequire () # $1 is a SFML module like 'system' or 'audio'\n{\n    dest=\"$BUILT_PRODUCTS_DIR/$FRAMEWORKS_FOLDER_PATH/\"\n\n    if [ -z \"$1\" ]\n    then\n        error \"require() requires one parameter!\"\n    else\n        # clean potentially old stuff\n        force_remove \"$dest/libsfml-$1\"*\n        force_remove \"$dest/sfml-$1.framework\"\n\n        # copy SFML libraries\n        if [ \"$frameworks\" = \"true\" ]\n        then\n            source=\"$CMAKE_INSTALL_FRAMEWORK_PREFIX/sfml-$1.framework\"\n            target=\"sfml-$1.framework\"\n        elif [ \"$SFML_LINK_DYLIBS_SUFFIX\" = \"-d\" ]\n        then\n            source=\"$CMAKE_INSTALL_LIB_PREFIX/libsfml-$1-d.dylib\"\n            target=\"`readlink $source`\"\n        else\n            source=\"$CMAKE_INSTALL_LIB_PREFIX/libsfml-$1.dylib\"\n            target=\"`readlink $source`\"\n        fi\n\n        copy \"$source\" \"$dest/$target\"\n\n        # copy extra dependencies\n        if [ \"$1\" = \"audio\" ]\n        then\n            # copy \"FLAC\" \"ogg\" \"vorbis\" \"vorbisenc\" \"vorbisfile\" \"OpenAL\" frameworks too\n            for f in \"FLAC\" \"ogg\" \"vorbis\" \"vorbisenc\" \"vorbisfile\" \"OpenAL\"\n            do\n                copy \"$CMAKE_INSTALL_FRAMEWORK_PREFIX/$f.framework\" \"$dest/$f.framework\"\n            done\n        elif [ \"$1\" = \"graphics\" ]\n        then\n            copy \"$CMAKE_INSTALL_FRAMEWORK_PREFIX/freetype.framework\" \"$dest/freetype.framework\"\n        fi\n    fi\n}\n\nif [ -n \"$SFML_SYSTEM\" ]\nthen\n    require \"system\"\nfi\n\nif [ -n \"$SFML_AUDIO\" ]\nthen\n    require \"audio\"\nfi\n\nif [ -n \"$SFML_NETWORK\" ]\nthen\n    require \"network\"\nfi\n\nif [ -n \"$SFML_WINDOW\" ]\nthen\n    require \"window\"\nfi\n\nif [ -n \"$SFML_GRAPHICS\" ]\nthen\n    require \"graphics\"\nfi\n\n                ";
		};
/* End PBXShellScriptBuildPhase section */

/* Begin PBXSourcesBuildPhase section */
		7D7FD468202CE0DA00D63E75 /* Sources */ = {
			isa = PBXSourcesBuildPhase;
			buildActionMask = 2147483647;
			files = (
				7D47203E207EB23F00E14162 /* TextNode.cpp in Sources */,
				7DAAC8032081E9D000FC2E46 /* EmitterNode.cpp in Sources */,
				7DFB2D84207C264100879D41 /* Button.cpp in Sources */,
				7DFFA07D206C537200FE5FF7 /* Utility.cpp in Sources */,
				7DFFA076206C469E00FE5FF7 /* TitleState.cpp in Sources */,
				7D2662DC207C0C9300371510 /* Application.cpp in Sources */,
				7DFB2D81207C258A00879D41 /* Container.cpp in Sources */,
				7DAAC8062081E9D000FC2E46 /* Pickup.cpp in Sources */,
				7DFFA07F206C562800FE5FF7 /* GameState.cpp in Sources */,
				7D910045206311D7006025D8 /* Command.cpp in Sources */,
				7D3F6A7B207C70B7009DE5A3 /* SettingsState.cpp in Sources */,
				7DC48D622050AC19008EC9D7 /* SceneNode.cpp in Sources */,
				7D2662E0207C0F8A00371510 /* LoadingState.cpp in Sources */,
				7D910041206304E7006025D8 /* World.cpp in Sources */,
				7D7FD48C202CE15800D63E75 /* main.cpp in Sources */,
				7D472040207EB4D800E14162 /* DataTables.cpp in Sources */,
				7D91004C206363C8006025D8 /* Player.cpp in Sources */,
				7D687EC5203E3B6900E8D8A4 /* Entity.cpp in Sources */,
				7DFB2D80207C258A00879D41 /* Component.cpp in Sources */,
				7DFFA073206C44DE00FE5FF7 /* StateStack.cpp in Sources */,
				7DAAC8042081E9D000FC2E46 /* GameOverState.cpp in Sources */,
				7DC48D682050BAA0008EC9D7 /* SpriteNode.cpp in Sources */,
				7D3F6A6E207C44EC009DE5A3 /* ResourcePath.mm in Sources */,
				7D472042207ECCC700E14162 /* Projectile.cpp in Sources */,
				7D2CCE91208304020030FDA8 /* ExplosionNode.cpp in Sources */,
				7DAAC8052081E9D000FC2E46 /* ParticleNode.cpp in Sources */,
				7DC48D652050B76F008EC9D7 /* Aircraft.cpp in Sources */,
				7DFB2D82207C258A00879D41 /* Label.cpp in Sources */,
				7D910049206314EA006025D8 /* CommandQueue.cpp in Sources */,
				7D2662E1207C0F8A00371510 /* ParallelTask.cpp in Sources */,
				7DFFA07B206C52AC00FE5FF7 /* MenuState.cpp in Sources */,
				7D2662E2207C0F8A00371510 /* PauseState.cpp in Sources */,
				7DFFA070206C42B700FE5FF7 /* State.cpp in Sources */,
			);
			runOnlyForDeploymentPostprocessing = 0;
		};
/* End PBXSourcesBuildPhase section */

/* Begin XCBuildConfiguration section */
		7D7FD480202CE0DA00D63E75 /* Debug */ = {
			isa = XCBuildConfiguration;
			buildSettings = {
				ARCHS = "$(NATIVE_ARCH_ACTUAL)";
				CLANG_CXX_LANGUAGE_STANDARD = "c++0x";
				CLANG_CXX_LIBRARY = "libc++";
				FRAMEWORK_SEARCH_PATHS = (
					/Library/Frameworks/,
					"$(inherited)",
				);
				GCC_OPTIMIZATION_LEVEL = 0;
				GCC_VERSION = com.apple.compilers.llvm.clang.1_0;
				HEADER_SEARCH_PATHS = (
					/usr/local/include/,
					"$(inherited)",
				);
				LIBRARY_SEARCH_PATHS = (
					/usr/local/lib/,
					"$(inherited)",
				);
				MACOSX_DEPLOYMENT_TARGET = 10.7;
				OTHER_LDFLAGS = (
					"$(inherited)",
					"$(SFML_SYSTEM)",
					"$(SFML_WINDOW)",
					"$(SFML_GRAPHICS)",
					"$(SFML_AUDIO)",
					"$(SFML_NETWORK)",
				);
				SFML_AUDIO = "$(SFML_LINK_PREFIX) sfml-audio$(SFML_LINK_SUFFIX)";
				SFML_BINARY_TYPE = FRAMEWORKS;
				SFML_GRAPHICS = "$(SFML_LINK_PREFIX) sfml-graphics$(SFML_LINK_SUFFIX)";
				SFML_LINK_DYLIBS_PREFIX = "-l";
				SFML_LINK_DYLIBS_SUFFIX = "";
				SFML_LINK_FRAMEWORKS_PREFIX = "-framework";
				SFML_LINK_FRAMEWORKS_SUFFIX = "";
				SFML_LINK_PREFIX = "$(SFML_LINK_$(SFML_BINARY_TYPE)_PREFIX)";
				SFML_LINK_SUFFIX = "$(SFML_LINK_$(SFML_BINARY_TYPE)_SUFFIX)";
				SFML_NETWORK = "$(SFML_LINK_PREFIX) sfml-network$(SFML_LINK_SUFFIX)";
				SFML_SYSTEM = "$(SFML_LINK_PREFIX) sfml-system$(SFML_LINK_SUFFIX)";
				SFML_WINDOW = "$(SFML_LINK_PREFIX) sfml-window$(SFML_LINK_SUFFIX)";
				SUPPORTED_PLATFORMS = macosx;
			};
			name = Debug;
		};
		7D7FD481202CE0DA00D63E75 /* Release */ = {
			isa = XCBuildConfiguration;
			buildSettings = {
				ARCHS = "$(NATIVE_ARCH_ACTUAL)";
				CLANG_CXX_LANGUAGE_STANDARD = "c++0x";
				CLANG_CXX_LIBRARY = "libc++";
				FRAMEWORK_SEARCH_PATHS = (
					/Library/Frameworks/,
					"$(inherited)",
				);
				GCC_VERSION = com.apple.compilers.llvm.clang.1_0;
				HEADER_SEARCH_PATHS = (
					/usr/local/include/,
					"$(inherited)",
				);
				LIBRARY_SEARCH_PATHS = (
					/usr/local/lib/,
					"$(inherited)",
				);
				MACOSX_DEPLOYMENT_TARGET = 10.7;
				OTHER_LDFLAGS = (
					"$(inherited)",
					"$(SFML_SYSTEM)",
					"$(SFML_WINDOW)",
					"$(SFML_GRAPHICS)",
					"$(SFML_AUDIO)",
					"$(SFML_NETWORK)",
				);
				SFML_AUDIO = "$(SFML_LINK_PREFIX) sfml-audio$(SFML_LINK_SUFFIX)";
				SFML_BINARY_TYPE = FRAMEWORKS;
				SFML_GRAPHICS = "$(SFML_LINK_PREFIX) sfml-graphics$(SFML_LINK_SUFFIX)";
				SFML_LINK_DYLIBS_PREFIX = "-l";
				SFML_LINK_DYLIBS_SUFFIX = "";
				SFML_LINK_FRAMEWORKS_PREFIX = "-framework";
				SFML_LINK_FRAMEWORKS_SUFFIX = "";
				SFML_LINK_PREFIX = "$(SFML_LINK_$(SFML_BINARY_TYPE)_PREFIX)";
				SFML_LINK_SUFFIX = "$(SFML_LINK_$(SFML_BINARY_TYPE)_SUFFIX)";
				SFML_NETWORK = "$(SFML_LINK_PREFIX) sfml-network$(SFML_LINK_SUFFIX)";
				SFML_SYSTEM = "$(SFML_LINK_PREFIX) sfml-system$(SFML_LINK_SUFFIX)";
				SFML_WINDOW = "$(SFML_LINK_PREFIX) sfml-window$(SFML_LINK_SUFFIX)";
				SUPPORTED_PLATFORMS = macosx;
			};
			name = Release;
		};
		7D7FD483202CE0DA00D63E75 /* Debug */ = {
			isa = XCBuildConfiguration;
			buildSettings = {
				CODE_SIGN_STYLE = Automatic;
				DEVELOPMENT_TEAM = ZA3E69YCZ2;
				INFOPLIST_FILE = "FinalAS/FinalAS_SpacesShoot_Jamie-Info.plist";
				LD_RUNPATH_SEARCH_PATHS = "@loader_path/../Frameworks";
				PRODUCT_NAME = "$(TARGET_NAME)";
			};
			name = Debug;
		};
		7D7FD484202CE0DA00D63E75 /* Release */ = {
			isa = XCBuildConfiguration;
			buildSettings = {
				CODE_SIGN_STYLE = Automatic;
				DEVELOPMENT_TEAM = ZA3E69YCZ2;
				INFOPLIST_FILE = "FinalAS/FinalAS_SpacesShoot_Jamie-Info.plist";
				LD_RUNPATH_SEARCH_PATHS = "@loader_path/../Frameworks";
				PRODUCT_NAME = "$(TARGET_NAME)";
			};
			name = Release;
		};
/* End XCBuildConfiguration section */

/* Begin XCConfigurationList section */
		7D7FD467202CE0DA00D63E75 /* Build configuration list for PBXProject "FinalAS_SpacesShoot_Jamie" */ = {
			isa = XCConfigurationList;
			buildConfigurations = (
				7D7FD480202CE0DA00D63E75 /* Debug */,
				7D7FD481202CE0DA00D63E75 /* Release */,
			);
			defaultConfigurationIsVisible = 0;
			defaultConfigurationName = Release;
		};
		7D7FD482202CE0DA00D63E75 /* Build configuration list for PBXNativeTarget "FinalAS_SpacesShoot_Jamie" */ = {
			isa = XCConfigurationList;
			buildConfigurations = (
				7D7FD483202CE0DA00D63E75 /* Debug */,
				7D7FD484202CE0DA00D63E75 /* Release */,
			);
			defaultConfigurationIsVisible = 0;
			defaultConfigurationName = Release;
		};
/* End XCConfigurationList section */
	};
	rootObject = 7D7FD464202CE0DA00D63E75 /* Project object */;
}
